// !$*UTF8*$!
{
	archiveVersion = 1;
	classes = {
	};
	objectVersion = 56;
	objects = {

/* Begin PBXBuildFile section */
		E100E23C2AEACA9100E11932 /* PresetRow.swift in Sources */ = {isa = PBXBuildFile; fileRef = E100E23B2AEACA9100E11932 /* PresetRow.swift */; };
		E1054CC42AE695E10047DAE2 /* ModifierCircle.swift in Sources */ = {isa = PBXBuildFile; fileRef = E1054CC32AE695E10047DAE2 /* ModifierCircle.swift */; };
		E1054CC72AE6F3AC0047DAE2 /* RollValueShape.swift in Sources */ = {isa = PBXBuildFile; fileRef = E1054CC62AE6F3AC0047DAE2 /* RollValueShape.swift */; };
		E15100A02AE1C0EA00C7EDC7 /* NumberOfSidesHexagon.swift in Sources */ = {isa = PBXBuildFile; fileRef = E151009F2AE1C0EA00C7EDC7 /* NumberOfSidesHexagon.swift */; };
		E15100A22AE1C56500C7EDC7 /* RollHistoryRow.swift in Sources */ = {isa = PBXBuildFile; fileRef = E15100A12AE1C56500C7EDC7 /* RollHistoryRow.swift */; };
		E15100A82AE1CB3E00C7EDC7 /* RollWindow.swift in Sources */ = {isa = PBXBuildFile; fileRef = E15100A72AE1CB3E00C7EDC7 /* RollWindow.swift */; };
		E15100AA2AE1CC3100C7EDC7 /* RollHistoryHeader.swift in Sources */ = {isa = PBXBuildFile; fileRef = E15100A92AE1CC3100C7EDC7 /* RollHistoryHeader.swift */; };
		E15100B12AE3F5BF00C7EDC7 /* Die.swift in Sources */ = {isa = PBXBuildFile; fileRef = E15100B02AE3F5BF00C7EDC7 /* Die.swift */; };
		E1A78A812AEAEEC2008C9713 /* Rollr.xcdatamodeld in Sources */ = {isa = PBXBuildFile; fileRef = E1A78A7F2AEAEEC2008C9713 /* Rollr.xcdatamodeld */; };
		E1A78A832AEAF09F008C9713 /* DataController.swift in Sources */ = {isa = PBXBuildFile; fileRef = E1A78A822AEAF09F008C9713 /* DataController.swift */; };
		E1A78A912AEAF3DB008C9713 /* Roll+CoreDataClass.swift in Sources */ = {isa = PBXBuildFile; fileRef = E1A78A8D2AEAF3DA008C9713 /* Roll+CoreDataClass.swift */; };
		E1A78A922AEAF3DB008C9713 /* Roll+CoreDataProperties.swift in Sources */ = {isa = PBXBuildFile; fileRef = E1A78A8E2AEAF3DA008C9713 /* Roll+CoreDataProperties.swift */; };
		E1A78A932AEAF3DB008C9713 /* Die+CoreDataClass.swift in Sources */ = {isa = PBXBuildFile; fileRef = E1A78A8F2AEAF3DB008C9713 /* Die+CoreDataClass.swift */; };
		E1A78A942AEAF3DB008C9713 /* Die+CoreDataProperties.swift in Sources */ = {isa = PBXBuildFile; fileRef = E1A78A902AEAF3DB008C9713 /* Die+CoreDataProperties.swift */; };
		E1A78A962AEFED3F008C9713 /* LocalRoll.swift in Sources */ = {isa = PBXBuildFile; fileRef = E1A78A952AEFED3F008C9713 /* LocalRoll.swift */; };
		E1A78A982AEFED72008C9713 /* LocalDie.swift in Sources */ = {isa = PBXBuildFile; fileRef = E1A78A972AEFED72008C9713 /* LocalDie.swift */; };
		E1B567512AE06F3D00343FB9 /* RollrApp.swift in Sources */ = {isa = PBXBuildFile; fileRef = E1B567502AE06F3D00343FB9 /* RollrApp.swift */; };
		E1B567532AE06F3D00343FB9 /* ContentView.swift in Sources */ = {isa = PBXBuildFile; fileRef = E1B567522AE06F3D00343FB9 /* ContentView.swift */; };
		E1B567552AE06F3F00343FB9 /* Assets.xcassets in Resources */ = {isa = PBXBuildFile; fileRef = E1B567542AE06F3F00343FB9 /* Assets.xcassets */; };
		E1B567582AE06F3F00343FB9 /* Preview Assets.xcassets in Resources */ = {isa = PBXBuildFile; fileRef = E1B567572AE06F3F00343FB9 /* Preview Assets.xcassets */; };
		E1B5675F2AE0711200343FB9 /* Roll.swift in Sources */ = {isa = PBXBuildFile; fileRef = E1B5675E2AE0711200343FB9 /* Roll.swift */; };
		E1BC3F892AEAC402002EF023 /* DiceOptions.swift in Sources */ = {isa = PBXBuildFile; fileRef = E1BC3F882AEAC402002EF023 /* DiceOptions.swift */; };
		E1BC3F8B2AEAC4E3002EF023 /* RollHistoryList.swift in Sources */ = {isa = PBXBuildFile; fileRef = E1BC3F8A2AEAC4E3002EF023 /* RollHistoryList.swift */; };
		E1BC3F8D2AEAC6C6002EF023 /* RollWindowDiceValues.swift in Sources */ = {isa = PBXBuildFile; fileRef = E1BC3F8C2AEAC6C6002EF023 /* RollWindowDiceValues.swift */; };
		E1BC3F8F2AEAC84B002EF023 /* RollWindowButtons.swift in Sources */ = {isa = PBXBuildFile; fileRef = E1BC3F8E2AEAC84B002EF023 /* RollWindowButtons.swift */; };
		E1C373082AE9ABCD00C4C05D /* View+ConditionalHidden.swift in Sources */ = {isa = PBXBuildFile; fileRef = E1C373072AE9ABCD00C4C05D /* View+ConditionalHidden.swift */; };
		E1E1164D2AE817FE007BCCB9 /* PresetsList.swift in Sources */ = {isa = PBXBuildFile; fileRef = E1E1164C2AE817FE007BCCB9 /* PresetsList.swift */; };
/* End PBXBuildFile section */

/* Begin PBXFileReference section */
		E100E23B2AEACA9100E11932 /* PresetRow.swift */ = {isa = PBXFileReference; lastKnownFileType = sourcecode.swift; path = PresetRow.swift; sourceTree = "<group>"; };
		E1054CC32AE695E10047DAE2 /* ModifierCircle.swift */ = {isa = PBXFileReference; lastKnownFileType = sourcecode.swift; path = ModifierCircle.swift; sourceTree = "<group>"; };
		E1054CC62AE6F3AC0047DAE2 /* RollValueShape.swift */ = {isa = PBXFileReference; lastKnownFileType = sourcecode.swift; path = RollValueShape.swift; sourceTree = "<group>"; };
		E151009F2AE1C0EA00C7EDC7 /* NumberOfSidesHexagon.swift */ = {isa = PBXFileReference; lastKnownFileType = sourcecode.swift; path = NumberOfSidesHexagon.swift; sourceTree = "<group>"; };
		E15100A12AE1C56500C7EDC7 /* RollHistoryRow.swift */ = {isa = PBXFileReference; lastKnownFileType = sourcecode.swift; path = RollHistoryRow.swift; sourceTree = "<group>"; };
		E15100A72AE1CB3E00C7EDC7 /* RollWindow.swift */ = {isa = PBXFileReference; lastKnownFileType = sourcecode.swift; path = RollWindow.swift; sourceTree = "<group>"; };
		E15100A92AE1CC3100C7EDC7 /* RollHistoryHeader.swift */ = {isa = PBXFileReference; lastKnownFileType = sourcecode.swift; path = RollHistoryHeader.swift; sourceTree = "<group>"; };
		E15100B02AE3F5BF00C7EDC7 /* Die.swift */ = {isa = PBXFileReference; lastKnownFileType = sourcecode.swift; path = Die.swift; sourceTree = "<group>"; };
		E1A78A802AEAEEC2008C9713 /* Rollr.xcdatamodel */ = {isa = PBXFileReference; lastKnownFileType = wrapper.xcdatamodel; path = Rollr.xcdatamodel; sourceTree = "<group>"; };
		E1A78A822AEAF09F008C9713 /* DataController.swift */ = {isa = PBXFileReference; lastKnownFileType = sourcecode.swift; path = DataController.swift; sourceTree = "<group>"; };
		E1A78A8D2AEAF3DA008C9713 /* Roll+CoreDataClass.swift */ = {isa = PBXFileReference; lastKnownFileType = sourcecode.swift; path = "Roll+CoreDataClass.swift"; sourceTree = "<group>"; };
		E1A78A8E2AEAF3DA008C9713 /* Roll+CoreDataProperties.swift */ = {isa = PBXFileReference; lastKnownFileType = sourcecode.swift; path = "Roll+CoreDataProperties.swift"; sourceTree = "<group>"; };
		E1A78A8F2AEAF3DB008C9713 /* Die+CoreDataClass.swift */ = {isa = PBXFileReference; lastKnownFileType = sourcecode.swift; path = "Die+CoreDataClass.swift"; sourceTree = "<group>"; };
		E1A78A902AEAF3DB008C9713 /* Die+CoreDataProperties.swift */ = {isa = PBXFileReference; lastKnownFileType = sourcecode.swift; path = "Die+CoreDataProperties.swift"; sourceTree = "<group>"; };
		E1A78A952AEFED3F008C9713 /* LocalRoll.swift */ = {isa = PBXFileReference; lastKnownFileType = sourcecode.swift; path = LocalRoll.swift; sourceTree = "<group>"; };
		E1A78A972AEFED72008C9713 /* LocalDie.swift */ = {isa = PBXFileReference; lastKnownFileType = sourcecode.swift; path = LocalDie.swift; sourceTree = "<group>"; };
		E1A78A992AF04A75008C9713 /* Info.plist */ = {isa = PBXFileReference; lastKnownFileType = text.plist; path = Info.plist; sourceTree = "<group>"; };
		E1B5674D2AE06F3D00343FB9 /* Rollr.app */ = {isa = PBXFileReference; explicitFileType = wrapper.application; includeInIndex = 0; path = Rollr.app; sourceTree = BUILT_PRODUCTS_DIR; };
		E1B567502AE06F3D00343FB9 /* RollrApp.swift */ = {isa = PBXFileReference; lastKnownFileType = sourcecode.swift; path = RollrApp.swift; sourceTree = "<group>"; };
		E1B567522AE06F3D00343FB9 /* ContentView.swift */ = {isa = PBXFileReference; lastKnownFileType = sourcecode.swift; path = ContentView.swift; sourceTree = "<group>"; };
		E1B567542AE06F3F00343FB9 /* Assets.xcassets */ = {isa = PBXFileReference; lastKnownFileType = folder.assetcatalog; path = Assets.xcassets; sourceTree = "<group>"; };
		E1B567572AE06F3F00343FB9 /* Preview Assets.xcassets */ = {isa = PBXFileReference; lastKnownFileType = folder.assetcatalog; path = "Preview Assets.xcassets"; sourceTree = "<group>"; };
		E1B5675E2AE0711200343FB9 /* Roll.swift */ = {isa = PBXFileReference; lastKnownFileType = sourcecode.swift; path = Roll.swift; sourceTree = "<group>"; };
		E1BC3F882AEAC402002EF023 /* DiceOptions.swift */ = {isa = PBXFileReference; lastKnownFileType = sourcecode.swift; path = DiceOptions.swift; sourceTree = "<group>"; };
		E1BC3F8A2AEAC4E3002EF023 /* RollHistoryList.swift */ = {isa = PBXFileReference; lastKnownFileType = sourcecode.swift; path = RollHistoryList.swift; sourceTree = "<group>"; };
		E1BC3F8C2AEAC6C6002EF023 /* RollWindowDiceValues.swift */ = {isa = PBXFileReference; lastKnownFileType = sourcecode.swift; path = RollWindowDiceValues.swift; sourceTree = "<group>"; };
		E1BC3F8E2AEAC84B002EF023 /* RollWindowButtons.swift */ = {isa = PBXFileReference; lastKnownFileType = sourcecode.swift; path = RollWindowButtons.swift; sourceTree = "<group>"; };
		E1C373072AE9ABCD00C4C05D /* View+ConditionalHidden.swift */ = {isa = PBXFileReference; lastKnownFileType = sourcecode.swift; path = "View+ConditionalHidden.swift"; sourceTree = "<group>"; };
		E1E1164C2AE817FE007BCCB9 /* PresetsList.swift */ = {isa = PBXFileReference; lastKnownFileType = sourcecode.swift; path = PresetsList.swift; sourceTree = "<group>"; };
/* End PBXFileReference section */

/* Begin PBXFrameworksBuildPhase section */
		E1B5674A2AE06F3D00343FB9 /* Frameworks */ = {
			isa = PBXFrameworksBuildPhase;
			buildActionMask = 2147483647;
			files = (
			);
			runOnlyForDeploymentPostprocessing = 0;
		};
/* End PBXFrameworksBuildPhase section */

/* Begin PBXGroup section */
		E100E23D2AEACB1600E11932 /* Presets */ = {
			isa = PBXGroup;
			children = (
				E1E1164C2AE817FE007BCCB9 /* PresetsList.swift */,
				E100E23B2AEACA9100E11932 /* PresetRow.swift */,
			);
			path = Presets;
			sourceTree = "<group>";
		};
		E1054CC52AE696160047DAE2 /* Custom Shapes */ = {
			isa = PBXGroup;
			children = (
				E151009F2AE1C0EA00C7EDC7 /* NumberOfSidesHexagon.swift */,
				E1054CC32AE695E10047DAE2 /* ModifierCircle.swift */,
				E1054CC62AE6F3AC0047DAE2 /* RollValueShape.swift */,
			);
			path = "Custom Shapes";
			sourceTree = "<group>";
		};
		E151009D2AE1C0CD00C7EDC7 /* Local Models */ = {
			isa = PBXGroup;
			children = (
				E1B5675E2AE0711200343FB9 /* Roll.swift */,
				E15100B02AE3F5BF00C7EDC7 /* Die.swift */,
				E1A78A952AEFED3F008C9713 /* LocalRoll.swift */,
				E1A78A972AEFED72008C9713 /* LocalDie.swift */,
			);
			path = "Local Models";
			sourceTree = "<group>";
		};
		E151009E2AE1C0DB00C7EDC7 /* Subviews */ = {
			isa = PBXGroup;
			children = (
				E15100AB2AE1CD6300C7EDC7 /* Roll Window */,
				E1BC3F872AEAC3EB002EF023 /* Dice Options */,
				E15100AC2AE1CD6B00C7EDC7 /* Roll History */,
				E1054CC52AE696160047DAE2 /* Custom Shapes */,
			);
			path = Subviews;
			sourceTree = "<group>";
		};
		E15100AB2AE1CD6300C7EDC7 /* Roll Window */ = {
			isa = PBXGroup;
			children = (
				E15100A72AE1CB3E00C7EDC7 /* RollWindow.swift */,
				E1BC3F8C2AEAC6C6002EF023 /* RollWindowDiceValues.swift */,
				E1BC3F8E2AEAC84B002EF023 /* RollWindowButtons.swift */,
				E100E23D2AEACB1600E11932 /* Presets */,
			);
			path = "Roll Window";
			sourceTree = "<group>";
		};
		E15100AC2AE1CD6B00C7EDC7 /* Roll History */ = {
			isa = PBXGroup;
			children = (
				E1BC3F8A2AEAC4E3002EF023 /* RollHistoryList.swift */,
				E15100A92AE1CC3100C7EDC7 /* RollHistoryHeader.swift */,
				E15100A12AE1C56500C7EDC7 /* RollHistoryRow.swift */,
			);
			path = "Roll History";
			sourceTree = "<group>";
		};
		E15100AD2AE1CD8300C7EDC7 /* Main Views */ = {
			isa = PBXGroup;
			children = (
				E1B567522AE06F3D00343FB9 /* ContentView.swift */,
			);
			path = "Main Views";
			sourceTree = "<group>";
		};
		E1A78A7E2AEAEE69008C9713 /* Core Data */ = {
			isa = PBXGroup;
			children = (
				E1A78A8C2AEAF3BD008C9713 /* Models */,
				E1A78A7F2AEAEEC2008C9713 /* Rollr.xcdatamodeld */,
				E1A78A822AEAF09F008C9713 /* DataController.swift */,
			);
			path = "Core Data";
			sourceTree = "<group>";
		};
		E1A78A8C2AEAF3BD008C9713 /* Models */ = {
			isa = PBXGroup;
			children = (
				E1A78A8D2AEAF3DA008C9713 /* Roll+CoreDataClass.swift */,
				E1A78A8E2AEAF3DA008C9713 /* Roll+CoreDataProperties.swift */,
				E1A78A8F2AEAF3DB008C9713 /* Die+CoreDataClass.swift */,
				E1A78A902AEAF3DB008C9713 /* Die+CoreDataProperties.swift */,
			);
			path = Models;
			sourceTree = "<group>";
		};
		E1B567442AE06F3D00343FB9 = {
			isa = PBXGroup;
			children = (
				E1B5674F2AE06F3D00343FB9 /* Rollr */,
				E1B5674E2AE06F3D00343FB9 /* Products */,
			);
			sourceTree = "<group>";
		};
		E1B5674E2AE06F3D00343FB9 /* Products */ = {
			isa = PBXGroup;
			children = (
				E1B5674D2AE06F3D00343FB9 /* Rollr.app */,
			);
			name = Products;
			sourceTree = "<group>";
		};
		E1B5674F2AE06F3D00343FB9 /* Rollr */ = {
			isa = PBXGroup;
			children = (
				E1A78A992AF04A75008C9713 /* Info.plist */,
				E1B567502AE06F3D00343FB9 /* RollrApp.swift */,
				E1A78A7E2AEAEE69008C9713 /* Core Data */,
				E15100AD2AE1CD8300C7EDC7 /* Main Views */,
				E151009D2AE1C0CD00C7EDC7 /* Local Models */,
				E151009E2AE1C0DB00C7EDC7 /* Subviews */,
				E1C373062AE9ABA700C4C05D /* Extensions */,
				E1B567542AE06F3F00343FB9 /* Assets.xcassets */,
				E1B567562AE06F3F00343FB9 /* Preview Content */,
			);
			path = Rollr;
			sourceTree = "<group>";
		};
		E1B567562AE06F3F00343FB9 /* Preview Content */ = {
			isa = PBXGroup;
			children = (
				E1B567572AE06F3F00343FB9 /* Preview Assets.xcassets */,
			);
			path = "Preview Content";
			sourceTree = "<group>";
		};
		E1BC3F872AEAC3EB002EF023 /* Dice Options */ = {
			isa = PBXGroup;
			children = (
				E1BC3F882AEAC402002EF023 /* DiceOptions.swift */,
			);
			path = "Dice Options";
			sourceTree = "<group>";
		};
		E1C373062AE9ABA700C4C05D /* Extensions */ = {
			isa = PBXGroup;
			children = (
				E1C373072AE9ABCD00C4C05D /* View+ConditionalHidden.swift */,
			);
			path = Extensions;
			sourceTree = "<group>";
		};
/* End PBXGroup section */

/* Begin PBXNativeTarget section */
		E1B5674C2AE06F3D00343FB9 /* Rollr */ = {
			isa = PBXNativeTarget;
			buildConfigurationList = E1B5675B2AE06F3F00343FB9 /* Build configuration list for PBXNativeTarget "Rollr" */;
			buildPhases = (
				E1B567492AE06F3D00343FB9 /* Sources */,
				E1B5674A2AE06F3D00343FB9 /* Frameworks */,
				E1B5674B2AE06F3D00343FB9 /* Resources */,
			);
			buildRules = (
			);
			dependencies = (
			);
			name = Rollr;
			productName = Rollr;
			productReference = E1B5674D2AE06F3D00343FB9 /* Rollr.app */;
			productType = "com.apple.product-type.application";
		};
/* End PBXNativeTarget section */

/* Begin PBXProject section */
		E1B567452AE06F3D00343FB9 /* Project object */ = {
			isa = PBXProject;
			attributes = {
				BuildIndependentTargetsInParallel = 1;
				LastSwiftUpdateCheck = 1500;
				LastUpgradeCheck = 1500;
				TargetAttributes = {
					E1B5674C2AE06F3D00343FB9 = {
						CreatedOnToolsVersion = 15.0;
					};
				};
			};
			buildConfigurationList = E1B567482AE06F3D00343FB9 /* Build configuration list for PBXProject "Rollr" */;
			compatibilityVersion = "Xcode 14.0";
			developmentRegion = en;
			hasScannedForEncodings = 0;
			knownRegions = (
				en,
				Base,
			);
			mainGroup = E1B567442AE06F3D00343FB9;
			productRefGroup = E1B5674E2AE06F3D00343FB9 /* Products */;
			projectDirPath = "";
			projectRoot = "";
			targets = (
				E1B5674C2AE06F3D00343FB9 /* Rollr */,
			);
		};
/* End PBXProject section */

/* Begin PBXResourcesBuildPhase section */
		E1B5674B2AE06F3D00343FB9 /* Resources */ = {
			isa = PBXResourcesBuildPhase;
			buildActionMask = 2147483647;
			files = (
				E1B567582AE06F3F00343FB9 /* Preview Assets.xcassets in Resources */,
				E1B567552AE06F3F00343FB9 /* Assets.xcassets in Resources */,
			);
			runOnlyForDeploymentPostprocessing = 0;
		};
/* End PBXResourcesBuildPhase section */

/* Begin PBXSourcesBuildPhase section */
		E1B567492AE06F3D00343FB9 /* Sources */ = {
			isa = PBXSourcesBuildPhase;
			buildActionMask = 2147483647;
			files = (
				E15100A22AE1C56500C7EDC7 /* RollHistoryRow.swift in Sources */,
				E1E1164D2AE817FE007BCCB9 /* PresetsList.swift in Sources */,
				E1BC3F8F2AEAC84B002EF023 /* RollWindowButtons.swift in Sources */,
				E1BC3F8D2AEAC6C6002EF023 /* RollWindowDiceValues.swift in Sources */,
				E15100B12AE3F5BF00C7EDC7 /* Die.swift in Sources */,
				E1B567532AE06F3D00343FB9 /* ContentView.swift in Sources */,
				E1B567512AE06F3D00343FB9 /* RollrApp.swift in Sources */,
				E100E23C2AEACA9100E11932 /* PresetRow.swift in Sources */,
				E1C373082AE9ABCD00C4C05D /* View+ConditionalHidden.swift in Sources */,
				E1A78A812AEAEEC2008C9713 /* Rollr.xcdatamodeld in Sources */,
				E1A78A832AEAF09F008C9713 /* DataController.swift in Sources */,
				E15100AA2AE1CC3100C7EDC7 /* RollHistoryHeader.swift in Sources */,
				E15100A02AE1C0EA00C7EDC7 /* NumberOfSidesHexagon.swift in Sources */,
				E1A78A982AEFED72008C9713 /* LocalDie.swift in Sources */,
				E15100A82AE1CB3E00C7EDC7 /* RollWindow.swift in Sources */,
				E1A78A932AEAF3DB008C9713 /* Die+CoreDataClass.swift in Sources */,
				E1054CC42AE695E10047DAE2 /* ModifierCircle.swift in Sources */,
				E1B5675F2AE0711200343FB9 /* Roll.swift in Sources */,
				E1A78A922AEAF3DB008C9713 /* Roll+CoreDataProperties.swift in Sources */,
				E1A78A942AEAF3DB008C9713 /* Die+CoreDataProperties.swift in Sources */,
				E1A78A912AEAF3DB008C9713 /* Roll+CoreDataClass.swift in Sources */,
				E1BC3F8B2AEAC4E3002EF023 /* RollHistoryList.swift in Sources */,
				E1054CC72AE6F3AC0047DAE2 /* RollValueShape.swift in Sources */,
				E1A78A962AEFED3F008C9713 /* LocalRoll.swift in Sources */,
				E1BC3F892AEAC402002EF023 /* DiceOptions.swift in Sources */,
			);
			runOnlyForDeploymentPostprocessing = 0;
		};
/* End PBXSourcesBuildPhase section */

/* Begin XCBuildConfiguration section */
		E1B567592AE06F3F00343FB9 /* Debug */ = {
			isa = XCBuildConfiguration;
			buildSettings = {
				ALWAYS_SEARCH_USER_PATHS = NO;
				ASSETCATALOG_COMPILER_GENERATE_SWIFT_ASSET_SYMBOL_EXTENSIONS = YES;
				CLANG_ANALYZER_NONNULL = YES;
				CLANG_ANALYZER_NUMBER_OBJECT_CONVERSION = YES_AGGRESSIVE;
				CLANG_CXX_LANGUAGE_STANDARD = "gnu++20";
				CLANG_ENABLE_MODULES = YES;
				CLANG_ENABLE_OBJC_ARC = YES;
				CLANG_ENABLE_OBJC_WEAK = YES;
				CLANG_WARN_BLOCK_CAPTURE_AUTORELEASING = YES;
				CLANG_WARN_BOOL_CONVERSION = YES;
				CLANG_WARN_COMMA = YES;
				CLANG_WARN_CONSTANT_CONVERSION = YES;
				CLANG_WARN_DEPRECATED_OBJC_IMPLEMENTATIONS = YES;
				CLANG_WARN_DIRECT_OBJC_ISA_USAGE = YES_ERROR;
				CLANG_WARN_DOCUMENTATION_COMMENTS = YES;
				CLANG_WARN_EMPTY_BODY = YES;
				CLANG_WARN_ENUM_CONVERSION = YES;
				CLANG_WARN_INFINITE_RECURSION = YES;
				CLANG_WARN_INT_CONVERSION = YES;
				CLANG_WARN_NON_LITERAL_NULL_CONVERSION = YES;
				CLANG_WARN_OBJC_IMPLICIT_RETAIN_SELF = YES;
				CLANG_WARN_OBJC_LITERAL_CONVERSION = YES;
				CLANG_WARN_OBJC_ROOT_CLASS = YES_ERROR;
				CLANG_WARN_QUOTED_INCLUDE_IN_FRAMEWORK_HEADER = YES;
				CLANG_WARN_RANGE_LOOP_ANALYSIS = YES;
				CLANG_WARN_STRICT_PROTOTYPES = YES;
				CLANG_WARN_SUSPICIOUS_MOVE = YES;
				CLANG_WARN_UNGUARDED_AVAILABILITY = YES_AGGRESSIVE;
				CLANG_WARN_UNREACHABLE_CODE = YES;
				CLANG_WARN__DUPLICATE_METHOD_MATCH = YES;
				COPY_PHASE_STRIP = NO;
				DEBUG_INFORMATION_FORMAT = dwarf;
				ENABLE_STRICT_OBJC_MSGSEND = YES;
				ENABLE_TESTABILITY = YES;
				ENABLE_USER_SCRIPT_SANDBOXING = YES;
				GCC_C_LANGUAGE_STANDARD = gnu17;
				GCC_DYNAMIC_NO_PIC = NO;
				GCC_NO_COMMON_BLOCKS = YES;
				GCC_OPTIMIZATION_LEVEL = 0;
				GCC_PREPROCESSOR_DEFINITIONS = (
					"DEBUG=1",
					"$(inherited)",
				);
				GCC_WARN_64_TO_32_BIT_CONVERSION = YES;
				GCC_WARN_ABOUT_RETURN_TYPE = YES_ERROR;
				GCC_WARN_UNDECLARED_SELECTOR = YES;
				GCC_WARN_UNINITIALIZED_AUTOS = YES_AGGRESSIVE;
				GCC_WARN_UNUSED_FUNCTION = YES;
				GCC_WARN_UNUSED_VARIABLE = YES;
				IPHONEOS_DEPLOYMENT_TARGET = 17.0;
				LOCALIZATION_PREFERS_STRING_CATALOGS = YES;
				MTL_ENABLE_DEBUG_INFO = INCLUDE_SOURCE;
				MTL_FAST_MATH = YES;
				ONLY_ACTIVE_ARCH = YES;
				SDKROOT = iphoneos;
				SWIFT_ACTIVE_COMPILATION_CONDITIONS = "DEBUG $(inherited)";
				SWIFT_OPTIMIZATION_LEVEL = "-Onone";
			};
			name = Debug;
		};
		E1B5675A2AE06F3F00343FB9 /* Release */ = {
			isa = XCBuildConfiguration;
			buildSettings = {
				ALWAYS_SEARCH_USER_PATHS = NO;
				ASSETCATALOG_COMPILER_GENERATE_SWIFT_ASSET_SYMBOL_EXTENSIONS = YES;
				CLANG_ANALYZER_NONNULL = YES;
				CLANG_ANALYZER_NUMBER_OBJECT_CONVERSION = YES_AGGRESSIVE;
				CLANG_CXX_LANGUAGE_STANDARD = "gnu++20";
				CLANG_ENABLE_MODULES = YES;
				CLANG_ENABLE_OBJC_ARC = YES;
				CLANG_ENABLE_OBJC_WEAK = YES;
				CLANG_WARN_BLOCK_CAPTURE_AUTORELEASING = YES;
				CLANG_WARN_BOOL_CONVERSION = YES;
				CLANG_WARN_COMMA = YES;
				CLANG_WARN_CONSTANT_CONVERSION = YES;
				CLANG_WARN_DEPRECATED_OBJC_IMPLEMENTATIONS = YES;
				CLANG_WARN_DIRECT_OBJC_ISA_USAGE = YES_ERROR;
				CLANG_WARN_DOCUMENTATION_COMMENTS = YES;
				CLANG_WARN_EMPTY_BODY = YES;
				CLANG_WARN_ENUM_CONVERSION = YES;
				CLANG_WARN_INFINITE_RECURSION = YES;
				CLANG_WARN_INT_CONVERSION = YES;
				CLANG_WARN_NON_LITERAL_NULL_CONVERSION = YES;
				CLANG_WARN_OBJC_IMPLICIT_RETAIN_SELF = YES;
				CLANG_WARN_OBJC_LITERAL_CONVERSION = YES;
				CLANG_WARN_OBJC_ROOT_CLASS = YES_ERROR;
				CLANG_WARN_QUOTED_INCLUDE_IN_FRAMEWORK_HEADER = YES;
				CLANG_WARN_RANGE_LOOP_ANALYSIS = YES;
				CLANG_WARN_STRICT_PROTOTYPES = YES;
				CLANG_WARN_SUSPICIOUS_MOVE = YES;
				CLANG_WARN_UNGUARDED_AVAILABILITY = YES_AGGRESSIVE;
				CLANG_WARN_UNREACHABLE_CODE = YES;
				CLANG_WARN__DUPLICATE_METHOD_MATCH = YES;
				COPY_PHASE_STRIP = NO;
				DEBUG_INFORMATION_FORMAT = "dwarf-with-dsym";
				ENABLE_NS_ASSERTIONS = NO;
				ENABLE_STRICT_OBJC_MSGSEND = YES;
				ENABLE_USER_SCRIPT_SANDBOXING = YES;
				GCC_C_LANGUAGE_STANDARD = gnu17;
				GCC_NO_COMMON_BLOCKS = YES;
				GCC_WARN_64_TO_32_BIT_CONVERSION = YES;
				GCC_WARN_ABOUT_RETURN_TYPE = YES_ERROR;
				GCC_WARN_UNDECLARED_SELECTOR = YES;
				GCC_WARN_UNINITIALIZED_AUTOS = YES_AGGRESSIVE;
				GCC_WARN_UNUSED_FUNCTION = YES;
				GCC_WARN_UNUSED_VARIABLE = YES;
				IPHONEOS_DEPLOYMENT_TARGET = 17.0;
				LOCALIZATION_PREFERS_STRING_CATALOGS = YES;
				MTL_ENABLE_DEBUG_INFO = NO;
				MTL_FAST_MATH = YES;
				SDKROOT = iphoneos;
				SWIFT_COMPILATION_MODE = wholemodule;
				VALIDATE_PRODUCT = YES;
			};
			name = Release;
		};
		E1B5675C2AE06F3F00343FB9 /* Debug */ = {
			isa = XCBuildConfiguration;
			buildSettings = {
				ASSETCATALOG_COMPILER_APPICON_NAME = AppIcon;
				ASSETCATALOG_COMPILER_GLOBAL_ACCENT_COLOR_NAME = AccentColor;
				CODE_SIGN_STYLE = Automatic;
				CURRENT_PROJECT_VERSION = 1;
				DEVELOPMENT_ASSET_PATHS = "\"Rollr/Preview Content\"";
				DEVELOPMENT_TEAM = XUYSV472G3;
				ENABLE_PREVIEWS = YES;
				GENERATE_INFOPLIST_FILE = YES;
				INFOPLIST_FILE = Rollr/Info.plist;
				INFOPLIST_KEY_UIApplicationSceneManifest_Generation = YES;
				INFOPLIST_KEY_UIApplicationSupportsIndirectInputEvents = YES;
				INFOPLIST_KEY_UILaunchScreen_Generation = YES;
				INFOPLIST_KEY_UISupportedInterfaceOrientations = UIInterfaceOrientationPortrait;
				INFOPLIST_KEY_UISupportedInterfaceOrientations_iPad = "UIInterfaceOrientationLandscapeLeft UIInterfaceOrientationLandscapeRight UIInterfaceOrientationPortrait UIInterfaceOrientationPortraitUpsideDown";
				IPHONEOS_DEPLOYMENT_TARGET = 16.1;
				LD_RUNPATH_SEARCH_PATHS = (
					"$(inherited)",
					"@executable_path/Frameworks",
				);
				MARKETING_VERSION = 1.0;
				PRODUCT_BUNDLE_IDENTIFIER = com.brianaguirre.Rollr;
				PRODUCT_NAME = "$(TARGET_NAME)";
				SWIFT_EMIT_LOC_STRINGS = YES;
				SWIFT_VERSION = 5.0;
				TARGETED_DEVICE_FAMILY = "1,2";
			};
			name = Debug;
		};
		E1B5675D2AE06F3F00343FB9 /* Release */ = {
			isa = XCBuildConfiguration;
			buildSettings = {
				ASSETCATALOG_COMPILER_APPICON_NAME = AppIcon;
				ASSETCATALOG_COMPILER_GLOBAL_ACCENT_COLOR_NAME = AccentColor;
				CODE_SIGN_STYLE = Automatic;
				CURRENT_PROJECT_VERSION = 1;
				DEVELOPMENT_ASSET_PATHS = "\"Rollr/Preview Content\"";
				DEVELOPMENT_TEAM = XUYSV472G3;
				ENABLE_PREVIEWS = YES;
				GENERATE_INFOPLIST_FILE = YES;
				INFOPLIST_FILE = Rollr/Info.plist;
				INFOPLIST_KEY_UIApplicationSceneManifest_Generation = YES;
				INFOPLIST_KEY_UIApplicationSupportsIndirectInputEvents = YES;
				INFOPLIST_KEY_UILaunchScreen_Generation = YES;
				INFOPLIST_KEY_UISupportedInterfaceOrientations = UIInterfaceOrientationPortrait;
				INFOPLIST_KEY_UISupportedInterfaceOrientations_iPad = "UIInterfaceOrientationLandscapeLeft UIInterfaceOrientationLandscapeRight UIInterfaceOrientationPortrait UIInterfaceOrientationPortraitUpsideDown";
				IPHONEOS_DEPLOYMENT_TARGET = 16.1;
				LD_RUNPATH_SEARCH_PATHS = (
					"$(inherited)",
					"@executable_path/Frameworks",
				);
				MARKETING_VERSION = 1.0;
				PRODUCT_BUNDLE_IDENTIFIER = com.brianaguirre.Rollr;
				PRODUCT_NAME = "$(TARGET_NAME)";
				SWIFT_EMIT_LOC_STRINGS = YES;
				SWIFT_VERSION = 5.0;
				TARGETED_DEVICE_FAMILY = "1,2";
			};
			name = Release;
		};
/* End XCBuildConfiguration section */

/* Begin XCConfigurationList section */
		E1B567482AE06F3D00343FB9 /* Build configuration list for PBXProject "Rollr" */ = {
			isa = XCConfigurationList;
			buildConfigurations = (
				E1B567592AE06F3F00343FB9 /* Debug */,
				E1B5675A2AE06F3F00343FB9 /* Release */,
			);
			defaultConfigurationIsVisible = 0;
			defaultConfigurationName = Release;
		};
		E1B5675B2AE06F3F00343FB9 /* Build configuration list for PBXNativeTarget "Rollr" */ = {
			isa = XCConfigurationList;
			buildConfigurations = (
				E1B5675C2AE06F3F00343FB9 /* Debug */,
				E1B5675D2AE06F3F00343FB9 /* Release */,
			);
			defaultConfigurationIsVisible = 0;
			defaultConfigurationName = Release;
		};
/* End XCConfigurationList section */

/* Begin XCVersionGroup section */
		E1A78A7F2AEAEEC2008C9713 /* Rollr.xcdatamodeld */ = {
			isa = XCVersionGroup;
			children = (
				E1A78A802AEAEEC2008C9713 /* Rollr.xcdatamodel */,
			);
			currentVersion = E1A78A802AEAEEC2008C9713 /* Rollr.xcdatamodel */;
			path = Rollr.xcdatamodeld;
			sourceTree = "<group>";
			versionGroupType = wrapper.xcdatamodel;
		};
/* End XCVersionGroup section */
	};
	rootObject = E1B567452AE06F3D00343FB9 /* Project object */;
}
